// !$*UTF8*$!
{
	archiveVersion = 1;
	classes = {
	};
	objectVersion = 50;
	objects = {

/* Begin PBXBuildFile section */
		6D068171267D078500C2EDCE /* AlbumPlaylistViewController.swift in Sources */ = {isa = PBXBuildFile; fileRef = 6D068170267D078500C2EDCE /* AlbumPlaylistViewController.swift */; };
		6D206650268252E1001AACD1 /* Extensions.swift in Sources */ = {isa = PBXBuildFile; fileRef = 6D20664F268252E1001AACD1 /* Extensions.swift */; };
		6D20665226825CD8001AACD1 /* Discover.storyboard in Resources */ = {isa = PBXBuildFile; fileRef = 6D20665126825CD8001AACD1 /* Discover.storyboard */; };
		6D7E4EA626811FC200D36F75 /* Favorites.storyboard in Resources */ = {isa = PBXBuildFile; fileRef = 6D7E4EA526811FC200D36F75 /* Favorites.storyboard */; };
		6D7E4EA82681205000D36F75 /* FavoritesViewController.swift in Sources */ = {isa = PBXBuildFile; fileRef = 6D7E4EA72681205000D36F75 /* FavoritesViewController.swift */; };
		6D7E4EAA2681276600D36F75 /* FavoritesTableViewCell.swift in Sources */ = {isa = PBXBuildFile; fileRef = 6D7E4EA92681276600D36F75 /* FavoritesTableViewCell.swift */; };
		6D847CC1267D0E9B0063C249 /* AlbumPlaylistTableViewCell.swift in Sources */ = {isa = PBXBuildFile; fileRef = 6D847CC0267D0E9B0063C249 /* AlbumPlaylistTableViewCell.swift */; };
		6DAF6DDA267D044B0080648F /* Playlist.storyboard in Resources */ = {isa = PBXBuildFile; fileRef = 6DAF6DD9267D044B0080648F /* Playlist.storyboard */; };
		6DE9F79B2680FF600005584A /* AlbumInfoViewController.swift in Sources */ = {isa = PBXBuildFile; fileRef = 6DE9F79A2680FF600005584A /* AlbumInfoViewController.swift */; };
		6DE9F79D268101290005584A /* AlbumInfoTableViewCell.swift in Sources */ = {isa = PBXBuildFile; fileRef = 6DE9F79C268101290005584A /* AlbumInfoTableViewCell.swift */; };
		6DE9F79F268111AB0005584A /* ArtistInfoTableViewCell.swift in Sources */ = {isa = PBXBuildFile; fileRef = 6DE9F79E268111AB0005584A /* ArtistInfoTableViewCell.swift */; };
		6DEEDBEC267D1CBF00E98CF7 /* PlaylistHeaderView.swift in Sources */ = {isa = PBXBuildFile; fileRef = 6DEEDBEB267D1CBF00E98CF7 /* PlaylistHeaderView.swift */; };
		895F5368267D0F1B0060B1D1 /* LibraryViewController.swift in Sources */ = {isa = PBXBuildFile; fileRef = 895F5367267D0F1B0060B1D1 /* LibraryViewController.swift */; };
		8974FA322680FDEB00292175 /* Player.storyboard in Resources */ = {isa = PBXBuildFile; fileRef = 8974FA312680FDEB00292175 /* Player.storyboard */; };
		8974FA342681057100292175 /* PlayerViewController.swift in Sources */ = {isa = PBXBuildFile; fileRef = 8974FA332681057100292175 /* PlayerViewController.swift */; };
		89BF2663267D20D700EE39E6 /* LibraryCell.swift in Sources */ = {isa = PBXBuildFile; fileRef = 89BF2662267D20D700EE39E6 /* LibraryCell.swift */; };
		89C9A1E2267BEC3B00D690E0 /* AppDelegate.swift in Sources */ = {isa = PBXBuildFile; fileRef = 89C9A1E1267BEC3B00D690E0 /* AppDelegate.swift */; };
		89C9A1E4267BEC3B00D690E0 /* SceneDelegate.swift in Sources */ = {isa = PBXBuildFile; fileRef = 89C9A1E3267BEC3B00D690E0 /* SceneDelegate.swift */; };
		89C9A1E6267BEC3B00D690E0 /* ViewController.swift in Sources */ = {isa = PBXBuildFile; fileRef = 89C9A1E5267BEC3B00D690E0 /* ViewController.swift */; };
		89C9A1E9267BEC3B00D690E0 /* Main.storyboard in Resources */ = {isa = PBXBuildFile; fileRef = 89C9A1E7267BEC3B00D690E0 /* Main.storyboard */; };
		89C9A1EB267BEC3E00D690E0 /* Assets.xcassets in Resources */ = {isa = PBXBuildFile; fileRef = 89C9A1EA267BEC3E00D690E0 /* Assets.xcassets */; };
		89C9A1EE267BEC3E00D690E0 /* LaunchScreen.storyboard in Resources */ = {isa = PBXBuildFile; fileRef = 89C9A1EC267BEC3E00D690E0 /* LaunchScreen.storyboard */; };
		89C9A1F7267BECDD00D690E0 /* MusicService.swift in Sources */ = {isa = PBXBuildFile; fileRef = 89C9A1F5267BECDB00D690E0 /* MusicService.swift */; };
		89C9A1F8267BECDD00D690E0 /* data.json in Resources */ = {isa = PBXBuildFile; fileRef = 89C9A1F6267BECDD00D690E0 /* data.json */; };
		89DBD03826812C090020D458 /* CustomSlider.swift in Sources */ = {isa = PBXBuildFile; fileRef = 89DBD03726812C090020D458 /* CustomSlider.swift */; };
/* End PBXBuildFile section */

/* Begin PBXFileReference section */
		6D068170267D078500C2EDCE /* AlbumPlaylistViewController.swift */ = {isa = PBXFileReference; lastKnownFileType = sourcecode.swift; path = AlbumPlaylistViewController.swift; sourceTree = "<group>"; };
		6D20664F268252E1001AACD1 /* Extensions.swift */ = {isa = PBXFileReference; lastKnownFileType = sourcecode.swift; path = Extensions.swift; sourceTree = "<group>"; };
		6D20665126825CD8001AACD1 /* Discover.storyboard */ = {isa = PBXFileReference; lastKnownFileType = file.storyboard; path = Discover.storyboard; sourceTree = "<group>"; };
		6D7E4EA526811FC200D36F75 /* Favorites.storyboard */ = {isa = PBXFileReference; lastKnownFileType = file.storyboard; path = Favorites.storyboard; sourceTree = "<group>"; };
		6D7E4EA72681205000D36F75 /* FavoritesViewController.swift */ = {isa = PBXFileReference; lastKnownFileType = sourcecode.swift; path = FavoritesViewController.swift; sourceTree = "<group>"; };
		6D7E4EA92681276600D36F75 /* FavoritesTableViewCell.swift */ = {isa = PBXFileReference; lastKnownFileType = sourcecode.swift; path = FavoritesTableViewCell.swift; sourceTree = "<group>"; };
		6D847CC0267D0E9B0063C249 /* AlbumPlaylistTableViewCell.swift */ = {isa = PBXFileReference; lastKnownFileType = sourcecode.swift; path = AlbumPlaylistTableViewCell.swift; sourceTree = "<group>"; };
		6DAF6DD9267D044B0080648F /* Playlist.storyboard */ = {isa = PBXFileReference; lastKnownFileType = file.storyboard; path = Playlist.storyboard; sourceTree = "<group>"; };
		6DE9F79A2680FF600005584A /* AlbumInfoViewController.swift */ = {isa = PBXFileReference; lastKnownFileType = sourcecode.swift; path = AlbumInfoViewController.swift; sourceTree = "<group>"; };
		6DE9F79C268101290005584A /* AlbumInfoTableViewCell.swift */ = {isa = PBXFileReference; lastKnownFileType = sourcecode.swift; path = AlbumInfoTableViewCell.swift; sourceTree = "<group>"; };
		6DE9F79E268111AB0005584A /* ArtistInfoTableViewCell.swift */ = {isa = PBXFileReference; lastKnownFileType = sourcecode.swift; path = ArtistInfoTableViewCell.swift; sourceTree = "<group>"; };
		6DEEDBEB267D1CBF00E98CF7 /* PlaylistHeaderView.swift */ = {isa = PBXFileReference; lastKnownFileType = sourcecode.swift; path = PlaylistHeaderView.swift; sourceTree = "<group>"; };
		895F5367267D0F1B0060B1D1 /* LibraryViewController.swift */ = {isa = PBXFileReference; lastKnownFileType = sourcecode.swift; path = LibraryViewController.swift; sourceTree = "<group>"; };
		8974FA312680FDEB00292175 /* Player.storyboard */ = {isa = PBXFileReference; lastKnownFileType = file.storyboard; path = Player.storyboard; sourceTree = "<group>"; };
		8974FA332681057100292175 /* PlayerViewController.swift */ = {isa = PBXFileReference; lastKnownFileType = sourcecode.swift; path = PlayerViewController.swift; sourceTree = "<group>"; };
		89BF2662267D20D700EE39E6 /* LibraryCell.swift */ = {isa = PBXFileReference; lastKnownFileType = sourcecode.swift; path = LibraryCell.swift; sourceTree = "<group>"; };
		89C9A1DE267BEC3B00D690E0 /* MusicAppLayout.app */ = {isa = PBXFileReference; explicitFileType = wrapper.application; includeInIndex = 0; path = MusicAppLayout.app; sourceTree = BUILT_PRODUCTS_DIR; };
		89C9A1E1267BEC3B00D690E0 /* AppDelegate.swift */ = {isa = PBXFileReference; lastKnownFileType = sourcecode.swift; path = AppDelegate.swift; sourceTree = "<group>"; };
		89C9A1E3267BEC3B00D690E0 /* SceneDelegate.swift */ = {isa = PBXFileReference; lastKnownFileType = sourcecode.swift; path = SceneDelegate.swift; sourceTree = "<group>"; };
		89C9A1E5267BEC3B00D690E0 /* ViewController.swift */ = {isa = PBXFileReference; lastKnownFileType = sourcecode.swift; path = ViewController.swift; sourceTree = "<group>"; };
		89C9A1E8267BEC3B00D690E0 /* Base */ = {isa = PBXFileReference; lastKnownFileType = file.storyboard; name = Base; path = Base.lproj/Main.storyboard; sourceTree = "<group>"; };
		89C9A1EA267BEC3E00D690E0 /* Assets.xcassets */ = {isa = PBXFileReference; lastKnownFileType = folder.assetcatalog; path = Assets.xcassets; sourceTree = "<group>"; };
		89C9A1ED267BEC3E00D690E0 /* Base */ = {isa = PBXFileReference; lastKnownFileType = file.storyboard; name = Base; path = Base.lproj/LaunchScreen.storyboard; sourceTree = "<group>"; };
		89C9A1EF267BEC3E00D690E0 /* Info.plist */ = {isa = PBXFileReference; lastKnownFileType = text.plist.xml; path = Info.plist; sourceTree = "<group>"; };
		89C9A1F5267BECDB00D690E0 /* MusicService.swift */ = {isa = PBXFileReference; fileEncoding = 4; lastKnownFileType = sourcecode.swift; path = MusicService.swift; sourceTree = "<group>"; };
		89C9A1F6267BECDD00D690E0 /* data.json */ = {isa = PBXFileReference; fileEncoding = 4; lastKnownFileType = text.json; path = data.json; sourceTree = "<group>"; };
		89DBD03726812C090020D458 /* CustomSlider.swift */ = {isa = PBXFileReference; lastKnownFileType = sourcecode.swift; path = CustomSlider.swift; sourceTree = "<group>"; };
/* End PBXFileReference section */

/* Begin PBXFrameworksBuildPhase section */
		89C9A1DB267BEC3B00D690E0 /* Frameworks */ = {
			isa = PBXFrameworksBuildPhase;
			buildActionMask = 2147483647;
			files = (
			);
			runOnlyForDeploymentPostprocessing = 0;
		};
/* End PBXFrameworksBuildPhase section */

/* Begin PBXGroup section */
		6D63BF6426824D60009FB5A7 /* Storyboards */ = {
			isa = PBXGroup;
			children = (
				6D7E4EA526811FC200D36F75 /* Favorites.storyboard */,
				89C9A1E7267BEC3B00D690E0 /* Main.storyboard */,
				89C9A1EC267BEC3E00D690E0 /* LaunchScreen.storyboard */,
				6DAF6DD9267D044B0080648F /* Playlist.storyboard */,
				8974FA312680FDEB00292175 /* Player.storyboard */,
				6D20665126825CD8001AACD1 /* Discover.storyboard */,
			);
			path = Storyboards;
			sourceTree = "<group>";
		};
		6D63BF6526824D7B009FB5A7 /* Controllers */ = {
			isa = PBXGroup;
			children = (
				89C9A1E5267BEC3B00D690E0 /* ViewController.swift */,
				6D068170267D078500C2EDCE /* AlbumPlaylistViewController.swift */,
				6D7E4EA72681205000D36F75 /* FavoritesViewController.swift */,
				6DE9F79A2680FF600005584A /* AlbumInfoViewController.swift */,
				895F5367267D0F1B0060B1D1 /* LibraryViewController.swift */,
				8974FA332681057100292175 /* PlayerViewController.swift */,
			);
			path = Controllers;
			sourceTree = "<group>";
		};
		6D63BF6626824D93009FB5A7 /* Views */ = {
			isa = PBXGroup;
			children = (
				6DE9F79C268101290005584A /* AlbumInfoTableViewCell.swift */,
				6DE9F79E268111AB0005584A /* ArtistInfoTableViewCell.swift */,
				6D847CC0267D0E9B0063C249 /* AlbumPlaylistTableViewCell.swift */,
				6D7E4EA92681276600D36F75 /* FavoritesTableViewCell.swift */,
				6DEEDBEB267D1CBF00E98CF7 /* PlaylistHeaderView.swift */,
				89BF2662267D20D700EE39E6 /* LibraryCell.swift */,
				89DBD03726812C090020D458 /* CustomSlider.swift */,
			);
			path = Views;
			sourceTree = "<group>";
		};
		6D63BF6726824DAA009FB5A7 /* Managers */ = {
			isa = PBXGroup;
			children = (
				89C9A1F5267BECDB00D690E0 /* MusicService.swift */,
			);
			path = Managers;
			sourceTree = "<group>";
		};
		6D63BF6826824DB3009FB5A7 /* Resources */ = {
			isa = PBXGroup;
			children = (
				89C9A1F6267BECDD00D690E0 /* data.json */,
				89C9A1EA267BEC3E00D690E0 /* Assets.xcassets */,
				6D20664F268252E1001AACD1 /* Extensions.swift */,
			);
			path = Resources;
			sourceTree = "<group>";
		};
		6D6A838626839DD0004D2DBC /* nibs */ = {
			isa = PBXGroup;
			children = (
			);
			path = nibs;
			sourceTree = "<group>";
		};
		89C9A1D5267BEC3B00D690E0 = {
			isa = PBXGroup;
			children = (
				89C9A1E0267BEC3B00D690E0 /* MusicAppLayout */,
				89C9A1DF267BEC3B00D690E0 /* Products */,
			);
			sourceTree = "<group>";
		};
		89C9A1DF267BEC3B00D690E0 /* Products */ = {
			isa = PBXGroup;
			children = (
				89C9A1DE267BEC3B00D690E0 /* MusicAppLayout.app */,
			);
			name = Products;
			sourceTree = "<group>";
		};
		89C9A1E0267BEC3B00D690E0 /* MusicAppLayout */ = {
			isa = PBXGroup;
			children = (
				6D6A838626839DD0004D2DBC /* nibs */,
				6D63BF6826824DB3009FB5A7 /* Resources */,
				6D63BF6726824DAA009FB5A7 /* Managers */,
				6D63BF6626824D93009FB5A7 /* Views */,
				6D63BF6526824D7B009FB5A7 /* Controllers */,
				6D63BF6426824D60009FB5A7 /* Storyboards */,
				89C9A1E1267BEC3B00D690E0 /* AppDelegate.swift */,
				89C9A1E3267BEC3B00D690E0 /* SceneDelegate.swift */,
				89C9A1EF267BEC3E00D690E0 /* Info.plist */,
			);
			path = MusicAppLayout;
			sourceTree = "<group>";
		};
/* End PBXGroup section */

/* Begin PBXNativeTarget section */
		89C9A1DD267BEC3B00D690E0 /* MusicAppLayout */ = {
			isa = PBXNativeTarget;
			buildConfigurationList = 89C9A1F2267BEC3E00D690E0 /* Build configuration list for PBXNativeTarget "MusicAppLayout" */;
			buildPhases = (
				89C9A1DA267BEC3B00D690E0 /* Sources */,
				89C9A1DB267BEC3B00D690E0 /* Frameworks */,
				89C9A1DC267BEC3B00D690E0 /* Resources */,
			);
			buildRules = (
			);
			dependencies = (
			);
			name = MusicAppLayout;
			productName = MusicAppLayout;
			productReference = 89C9A1DE267BEC3B00D690E0 /* MusicAppLayout.app */;
			productType = "com.apple.product-type.application";
		};
/* End PBXNativeTarget section */

/* Begin PBXProject section */
		89C9A1D6267BEC3B00D690E0 /* Project object */ = {
			isa = PBXProject;
			attributes = {
				LastSwiftUpdateCheck = 1250;
				LastUpgradeCheck = 1250;
				TargetAttributes = {
					89C9A1DD267BEC3B00D690E0 = {
						CreatedOnToolsVersion = 12.5;
					};
				};
			};
			buildConfigurationList = 89C9A1D9267BEC3B00D690E0 /* Build configuration list for PBXProject "MusicAppLayout" */;
			compatibilityVersion = "Xcode 9.3";
			developmentRegion = en;
			hasScannedForEncodings = 0;
			knownRegions = (
				en,
				Base,
			);
			mainGroup = 89C9A1D5267BEC3B00D690E0;
			productRefGroup = 89C9A1DF267BEC3B00D690E0 /* Products */;
			projectDirPath = "";
			projectRoot = "";
			targets = (
				89C9A1DD267BEC3B00D690E0 /* MusicAppLayout */,
			);
		};
/* End PBXProject section */

/* Begin PBXResourcesBuildPhase section */
		89C9A1DC267BEC3B00D690E0 /* Resources */ = {
			isa = PBXResourcesBuildPhase;
			buildActionMask = 2147483647;
			files = (
				89C9A1EE267BEC3E00D690E0 /* LaunchScreen.storyboard in Resources */,
				6D20665226825CD8001AACD1 /* Discover.storyboard in Resources */,
				89C9A1EB267BEC3E00D690E0 /* Assets.xcassets in Resources */,
				6D7E4EA626811FC200D36F75 /* Favorites.storyboard in Resources */,
				89C9A1E9267BEC3B00D690E0 /* Main.storyboard in Resources */,
				6DAF6DDA267D044B0080648F /* Playlist.storyboard in Resources */,
				89C9A1F8267BECDD00D690E0 /* data.json in Resources */,
				8974FA322680FDEB00292175 /* Player.storyboard in Resources */,
			);
			runOnlyForDeploymentPostprocessing = 0;
		};
/* End PBXResourcesBuildPhase section */

/* Begin PBXSourcesBuildPhase section */
		89C9A1DA267BEC3B00D690E0 /* Sources */ = {
			isa = PBXSourcesBuildPhase;
			buildActionMask = 2147483647;
			files = (
				6D7E4EA82681205000D36F75 /* FavoritesViewController.swift in Sources */,
				6DE9F79B2680FF600005584A /* AlbumInfoViewController.swift in Sources */,
				89C9A1E6267BEC3B00D690E0 /* ViewController.swift in Sources */,
				895F5368267D0F1B0060B1D1 /* LibraryViewController.swift in Sources */,
				89DBD03826812C090020D458 /* CustomSlider.swift in Sources */,
				89C9A1E2267BEC3B00D690E0 /* AppDelegate.swift in Sources */,
				89BF2663267D20D700EE39E6 /* LibraryCell.swift in Sources */,
				6D847CC1267D0E9B0063C249 /* AlbumPlaylistTableViewCell.swift in Sources */,
				6DE9F79F268111AB0005584A /* ArtistInfoTableViewCell.swift in Sources */,
				89C9A1E4267BEC3B00D690E0 /* SceneDelegate.swift in Sources */,
				89C9A1F7267BECDD00D690E0 /* MusicService.swift in Sources */,
				6DEEDBEC267D1CBF00E98CF7 /* PlaylistHeaderView.swift in Sources */,
				6D068171267D078500C2EDCE /* AlbumPlaylistViewController.swift in Sources */,
				8974FA342681057100292175 /* PlayerViewController.swift in Sources */,
				6D206650268252E1001AACD1 /* Extensions.swift in Sources */,
				6DE9F79D268101290005584A /* AlbumInfoTableViewCell.swift in Sources */,
				6D7E4EAA2681276600D36F75 /* FavoritesTableViewCell.swift in Sources */,
			);
			runOnlyForDeploymentPostprocessing = 0;
		};
/* End PBXSourcesBuildPhase section */

/* Begin PBXVariantGroup section */
		89C9A1E7267BEC3B00D690E0 /* Main.storyboard */ = {
			isa = PBXVariantGroup;
			children = (
				89C9A1E8267BEC3B00D690E0 /* Base */,
			);
			name = Main.storyboard;
			sourceTree = "<group>";
		};
		89C9A1EC267BEC3E00D690E0 /* LaunchScreen.storyboard */ = {
			isa = PBXVariantGroup;
			children = (
				89C9A1ED267BEC3E00D690E0 /* Base */,
			);
			name = LaunchScreen.storyboard;
			sourceTree = "<group>";
		};
/* End PBXVariantGroup section */

/* Begin XCBuildConfiguration section */
		89C9A1F0267BEC3E00D690E0 /* Debug */ = {
			isa = XCBuildConfiguration;
			buildSettings = {
				ALWAYS_SEARCH_USER_PATHS = NO;
				CLANG_ANALYZER_NONNULL = YES;
				CLANG_ANALYZER_NUMBER_OBJECT_CONVERSION = YES_AGGRESSIVE;
				CLANG_CXX_LANGUAGE_STANDARD = "gnu++14";
				CLANG_CXX_LIBRARY = "libc++";
				CLANG_ENABLE_MODULES = YES;
				CLANG_ENABLE_OBJC_ARC = YES;
				CLANG_ENABLE_OBJC_WEAK = YES;
				CLANG_WARN_BLOCK_CAPTURE_AUTORELEASING = YES;
				CLANG_WARN_BOOL_CONVERSION = YES;
				CLANG_WARN_COMMA = YES;
				CLANG_WARN_CONSTANT_CONVERSION = YES;
				CLANG_WARN_DEPRECATED_OBJC_IMPLEMENTATIONS = YES;
				CLANG_WARN_DIRECT_OBJC_ISA_USAGE = YES_ERROR;
				CLANG_WARN_DOCUMENTATION_COMMENTS = YES;
				CLANG_WARN_EMPTY_BODY = YES;
				CLANG_WARN_ENUM_CONVERSION = YES;
				CLANG_WARN_INFINITE_RECURSION = YES;
				CLANG_WARN_INT_CONVERSION = YES;
				CLANG_WARN_NON_LITERAL_NULL_CONVERSION = YES;
				CLANG_WARN_OBJC_IMPLICIT_RETAIN_SELF = YES;
				CLANG_WARN_OBJC_LITERAL_CONVERSION = YES;
				CLANG_WARN_OBJC_ROOT_CLASS = YES_ERROR;
				CLANG_WARN_QUOTED_INCLUDE_IN_FRAMEWORK_HEADER = YES;
				CLANG_WARN_RANGE_LOOP_ANALYSIS = YES;
				CLANG_WARN_STRICT_PROTOTYPES = YES;
				CLANG_WARN_SUSPICIOUS_MOVE = YES;
				CLANG_WARN_UNGUARDED_AVAILABILITY = YES_AGGRESSIVE;
				CLANG_WARN_UNREACHABLE_CODE = YES;
				CLANG_WARN__DUPLICATE_METHOD_MATCH = YES;
				COPY_PHASE_STRIP = NO;
				DEBUG_INFORMATION_FORMAT = dwarf;
				ENABLE_STRICT_OBJC_MSGSEND = YES;
				ENABLE_TESTABILITY = YES;
				GCC_C_LANGUAGE_STANDARD = gnu11;
				GCC_DYNAMIC_NO_PIC = NO;
				GCC_NO_COMMON_BLOCKS = YES;
				GCC_OPTIMIZATION_LEVEL = 0;
				GCC_PREPROCESSOR_DEFINITIONS = (
					"DEBUG=1",
					"$(inherited)",
				);
				GCC_WARN_64_TO_32_BIT_CONVERSION = YES;
				GCC_WARN_ABOUT_RETURN_TYPE = YES_ERROR;
				GCC_WARN_UNDECLARED_SELECTOR = YES;
				GCC_WARN_UNINITIALIZED_AUTOS = YES_AGGRESSIVE;
				GCC_WARN_UNUSED_FUNCTION = YES;
				GCC_WARN_UNUSED_VARIABLE = YES;
				IPHONEOS_DEPLOYMENT_TARGET = 14.5;
				MTL_ENABLE_DEBUG_INFO = INCLUDE_SOURCE;
				MTL_FAST_MATH = YES;
				ONLY_ACTIVE_ARCH = YES;
				SDKROOT = iphoneos;
				SWIFT_ACTIVE_COMPILATION_CONDITIONS = DEBUG;
				SWIFT_OPTIMIZATION_LEVEL = "-Onone";
			};
			name = Debug;
		};
		89C9A1F1267BEC3E00D690E0 /* Release */ = {
			isa = XCBuildConfiguration;
			buildSettings = {
				ALWAYS_SEARCH_USER_PATHS = NO;
				CLANG_ANALYZER_NONNULL = YES;
				CLANG_ANALYZER_NUMBER_OBJECT_CONVERSION = YES_AGGRESSIVE;
				CLANG_CXX_LANGUAGE_STANDARD = "gnu++14";
				CLANG_CXX_LIBRARY = "libc++";
				CLANG_ENABLE_MODULES = YES;
				CLANG_ENABLE_OBJC_ARC = YES;
				CLANG_ENABLE_OBJC_WEAK = YES;
				CLANG_WARN_BLOCK_CAPTURE_AUTORELEASING = YES;
				CLANG_WARN_BOOL_CONVERSION = YES;
				CLANG_WARN_COMMA = YES;
				CLANG_WARN_CONSTANT_CONVERSION = YES;
				CLANG_WARN_DEPRECATED_OBJC_IMPLEMENTATIONS = YES;
				CLANG_WARN_DIRECT_OBJC_ISA_USAGE = YES_ERROR;
				CLANG_WARN_DOCUMENTATION_COMMENTS = YES;
				CLANG_WARN_EMPTY_BODY = YES;
				CLANG_WARN_ENUM_CONVERSION = YES;
				CLANG_WARN_INFINITE_RECURSION = YES;
				CLANG_WARN_INT_CONVERSION = YES;
				CLANG_WARN_NON_LITERAL_NULL_CONVERSION = YES;
				CLANG_WARN_OBJC_IMPLICIT_RETAIN_SELF = YES;
				CLANG_WARN_OBJC_LITERAL_CONVERSION = YES;
				CLANG_WARN_OBJC_ROOT_CLASS = YES_ERROR;
				CLANG_WARN_QUOTED_INCLUDE_IN_FRAMEWORK_HEADER = YES;
				CLANG_WARN_RANGE_LOOP_ANALYSIS = YES;
				CLANG_WARN_STRICT_PROTOTYPES = YES;
				CLANG_WARN_SUSPICIOUS_MOVE = YES;
				CLANG_WARN_UNGUARDED_AVAILABILITY = YES_AGGRESSIVE;
				CLANG_WARN_UNREACHABLE_CODE = YES;
				CLANG_WARN__DUPLICATE_METHOD_MATCH = YES;
				COPY_PHASE_STRIP = NO;
				DEBUG_INFORMATION_FORMAT = "dwarf-with-dsym";
				ENABLE_NS_ASSERTIONS = NO;
				ENABLE_STRICT_OBJC_MSGSEND = YES;
				GCC_C_LANGUAGE_STANDARD = gnu11;
				GCC_NO_COMMON_BLOCKS = YES;
				GCC_WARN_64_TO_32_BIT_CONVERSION = YES;
				GCC_WARN_ABOUT_RETURN_TYPE = YES_ERROR;
				GCC_WARN_UNDECLARED_SELECTOR = YES;
				GCC_WARN_UNINITIALIZED_AUTOS = YES_AGGRESSIVE;
				GCC_WARN_UNUSED_FUNCTION = YES;
				GCC_WARN_UNUSED_VARIABLE = YES;
				IPHONEOS_DEPLOYMENT_TARGET = 14.5;
				MTL_ENABLE_DEBUG_INFO = NO;
				MTL_FAST_MATH = YES;
				SDKROOT = iphoneos;
				SWIFT_COMPILATION_MODE = wholemodule;
				SWIFT_OPTIMIZATION_LEVEL = "-O";
				VALIDATE_PRODUCT = YES;
			};
			name = Release;
		};
		89C9A1F3267BEC3E00D690E0 /* Debug */ = {
			isa = XCBuildConfiguration;
			buildSettings = {
				ASSETCATALOG_COMPILER_APPICON_NAME = AppIcon;
				ASSETCATALOG_COMPILER_GLOBAL_ACCENT_COLOR_NAME = AccentColor;
				CODE_SIGN_STYLE = Automatic;
				DEVELOPMENT_TEAM = 7UW5874D4F;
				INFOPLIST_FILE = MusicAppLayout/Info.plist;
				LD_RUNPATH_SEARCH_PATHS = (
					"$(inherited)",
					"@executable_path/Frameworks",
				);
				PRODUCT_BUNDLE_IDENTIFIER = com.thaisrfernandes.MusicAppLayout;
				PRODUCT_NAME = "$(TARGET_NAME)";
				SWIFT_VERSION = 5.0;
				TARGETED_DEVICE_FAMILY = "1,2";
			};
			name = Debug;
		};
		89C9A1F4267BEC3E00D690E0 /* Release */ = {
			isa = XCBuildConfiguration;
			buildSettings = {
				ASSETCATALOG_COMPILER_APPICON_NAME = AppIcon;
				ASSETCATALOG_COMPILER_GLOBAL_ACCENT_COLOR_NAME = AccentColor;
				CODE_SIGN_STYLE = Automatic;
				DEVELOPMENT_TEAM = 7UW5874D4F;
				INFOPLIST_FILE = MusicAppLayout/Info.plist;
				LD_RUNPATH_SEARCH_PATHS = (
					"$(inherited)",
					"@executable_path/Frameworks",
				);
				PRODUCT_BUNDLE_IDENTIFIER = com.thaisrfernandes.MusicAppLayout;
				PRODUCT_NAME = "$(TARGET_NAME)";
				SWIFT_VERSION = 5.0;
				TARGETED_DEVICE_FAMILY = "1,2";
			};
			name = Release;
		};
/* End XCBuildConfiguration section */

/* Begin XCConfigurationList section */
		89C9A1D9267BEC3B00D690E0 /* Build configuration list for PBXProject "MusicAppLayout" */ = {
			isa = XCConfigurationList;
			buildConfigurations = (
				89C9A1F0267BEC3E00D690E0 /* Debug */,
				89C9A1F1267BEC3E00D690E0 /* Release */,
			);
			defaultConfigurationIsVisible = 0;
			defaultConfigurationName = Release;
		};
		89C9A1F2267BEC3E00D690E0 /* Build configuration list for PBXNativeTarget "MusicAppLayout" */ = {
			isa = XCConfigurationList;
			buildConfigurations = (
				89C9A1F3267BEC3E00D690E0 /* Debug */,
				89C9A1F4267BEC3E00D690E0 /* Release */,
			);
			defaultConfigurationIsVisible = 0;
			defaultConfigurationName = Release;
		};
/* End XCConfigurationList section */
	};
	rootObject = 89C9A1D6267BEC3B00D690E0 /* Project object */;
}
